
Microsoft Visual Studio Solution File, Format Version 12.00
# Visual Studio Version 17
VisualStudioVersion = 17.2.32505.173
MinimumVisualStudioVersion = 10.0.40219.1
Project("{FAE04EC0-301F-11D3-BF4B-00C04F79EFBC}") = "NLUC", "NLUC.csproj", "{E48E996A-599A-4823-9653-2C913D7F3066}"
EndProject
Global
	GlobalSection(SolutionConfigurationPlatforms) = preSolution
		Debug|Any CPU = Debug|Any CPU
		Release|Any CPU = Release|Any CPU
	EndGlobalSection
	GlobalSection(ProjectConfigurationPlatforms) = postSolution
		{E48E996A-599A-4823-9653-2C913D7F3066}.Debug|Any CPU.ActiveCfg = Debug|Any CPU
		{E48E996A-599A-4823-9653-2C913D7F3066}.Debug|Any CPU.Build.0 = Debug|Any CPU
		{E48E996A-599A-4823-9653-2C913D7F3066}.Release|Any CPU.ActiveCfg = Release|Any CPU
		{E48E996A-599A-4823-9653-2C913D7F3066}.Release|Any CPU.Build.0 = Release|Any CPU
	EndGlobalSection
	GlobalSection(SolutionProperties) = preSolution
		HideSolutionNode = FALSE
	EndGlobalSection
	GlobalSection(ExtensibilityGlobals) = postSolution
		SolutionGuid = {FB5AFA14-8396-4B2F-835D-1703BE273624}
	EndGlobalSection
EndGlobal
